// !$*UTF8*$!
{
	archiveVersion = 1;
	classes = {
	};
	objectVersion = 56;
	objects = {

/* Begin PBXBuildFile section */
		37E7AF982C7246F30014B13A /* DailyDefianceApp.swift in Sources */ = {isa = PBXBuildFile; fileRef = 37E7AF972C7246F30014B13A /* DailyDefianceApp.swift */; };
		37E7AF9A2C7246F30014B13A /* ContentView.swift in Sources */ = {isa = PBXBuildFile; fileRef = 37E7AF992C7246F30014B13A /* ContentView.swift */; };
		37E7AF9C2C7246F40014B13A /* Assets.xcassets in Resources */ = {isa = PBXBuildFile; fileRef = 37E7AF9B2C7246F40014B13A /* Assets.xcassets */; };
		37E7AFA02C7246F40014B13A /* Preview Assets.xcassets in Resources */ = {isa = PBXBuildFile; fileRef = 37E7AF9F2C7246F40014B13A /* Preview Assets.xcassets */; };
		37E7AFAA2C7246F40014B13A /* DailyDefianceTests.swift in Sources */ = {isa = PBXBuildFile; fileRef = 37E7AFA92C7246F40014B13A /* DailyDefianceTests.swift */; };
		37E7AFB42C7246F40014B13A /* DailyDefianceUITests.swift in Sources */ = {isa = PBXBuildFile; fileRef = 37E7AFB32C7246F40014B13A /* DailyDefianceUITests.swift */; };
		37E7AFB62C7246F40014B13A /* DailyDefianceUITestsLaunchTests.swift in Sources */ = {isa = PBXBuildFile; fileRef = 37E7AFB52C7246F40014B13A /* DailyDefianceUITestsLaunchTests.swift */; };
		37E7AFC72C7247AA0014B13A /* Workout.swift in Sources */ = {isa = PBXBuildFile; fileRef = 37E7AFC62C7247AA0014B13A /* Workout.swift */; };
		37E7AFC92C726AA20014B13A /* JournalEntry.swift in Sources */ = {isa = PBXBuildFile; fileRef = 37E7AFC82C726AA20014B13A /* JournalEntry.swift */; };
		37E7AFCB2C726AD20014B13A /* Exercise.swift in Sources */ = {isa = PBXBuildFile; fileRef = 37E7AFCA2C726AD20014B13A /* Exercise.swift */; };
		37E7AFCD2C7288330014B13A /* Color.swift in Sources */ = {isa = PBXBuildFile; fileRef = 37E7AFCC2C7288330014B13A /* Color.swift */; };
		37E7AFCF2C7288510014B13A /* UIColor.swift in Sources */ = {isa = PBXBuildFile; fileRef = 37E7AFCE2C7288510014B13A /* UIColor.swift */; };
/* End PBXBuildFile section */

/* Begin PBXContainerItemProxy section */
		37E7AFA62C7246F40014B13A /* PBXContainerItemProxy */ = {
			isa = PBXContainerItemProxy;
			containerPortal = 37E7AF8C2C7246F30014B13A /* Project object */;
			proxyType = 1;
			remoteGlobalIDString = 37E7AF932C7246F30014B13A;
			remoteInfo = DailyDefiance;
		};
		37E7AFB02C7246F40014B13A /* PBXContainerItemProxy */ = {
			isa = PBXContainerItemProxy;
			containerPortal = 37E7AF8C2C7246F30014B13A /* Project object */;
			proxyType = 1;
			remoteGlobalIDString = 37E7AF932C7246F30014B13A;
			remoteInfo = DailyDefiance;
		};
/* End PBXContainerItemProxy section */

/* Begin PBXFileReference section */
		37E7AF942C7246F30014B13A /* DailyDefiance.app */ = {isa = PBXFileReference; explicitFileType = wrapper.application; includeInIndex = 0; path = DailyDefiance.app; sourceTree = BUILT_PRODUCTS_DIR; };
		37E7AF972C7246F30014B13A /* DailyDefianceApp.swift */ = {isa = PBXFileReference; lastKnownFileType = sourcecode.swift; path = DailyDefianceApp.swift; sourceTree = "<group>"; };
		37E7AF992C7246F30014B13A /* ContentView.swift */ = {isa = PBXFileReference; lastKnownFileType = sourcecode.swift; path = ContentView.swift; sourceTree = "<group>"; };
		37E7AF9B2C7246F40014B13A /* Assets.xcassets */ = {isa = PBXFileReference; lastKnownFileType = folder.assetcatalog; path = Assets.xcassets; sourceTree = "<group>"; };
		37E7AF9D2C7246F40014B13A /* DailyDefiance.entitlements */ = {isa = PBXFileReference; lastKnownFileType = text.plist.entitlements; path = DailyDefiance.entitlements; sourceTree = "<group>"; };
		37E7AF9F2C7246F40014B13A /* Preview Assets.xcassets */ = {isa = PBXFileReference; lastKnownFileType = folder.assetcatalog; path = "Preview Assets.xcassets"; sourceTree = "<group>"; };
		37E7AFA52C7246F40014B13A /* DailyDefianceTests.xctest */ = {isa = PBXFileReference; explicitFileType = wrapper.cfbundle; includeInIndex = 0; path = DailyDefianceTests.xctest; sourceTree = BUILT_PRODUCTS_DIR; };
		37E7AFA92C7246F40014B13A /* DailyDefianceTests.swift */ = {isa = PBXFileReference; lastKnownFileType = sourcecode.swift; path = DailyDefianceTests.swift; sourceTree = "<group>"; };
		37E7AFAF2C7246F40014B13A /* DailyDefianceUITests.xctest */ = {isa = PBXFileReference; explicitFileType = wrapper.cfbundle; includeInIndex = 0; path = DailyDefianceUITests.xctest; sourceTree = BUILT_PRODUCTS_DIR; };
		37E7AFB32C7246F40014B13A /* DailyDefianceUITests.swift */ = {isa = PBXFileReference; lastKnownFileType = sourcecode.swift; path = DailyDefianceUITests.swift; sourceTree = "<group>"; };
		37E7AFB52C7246F40014B13A /* DailyDefianceUITestsLaunchTests.swift */ = {isa = PBXFileReference; lastKnownFileType = sourcecode.swift; path = DailyDefianceUITestsLaunchTests.swift; sourceTree = "<group>"; };
		37E7AFC62C7247AA0014B13A /* Workout.swift */ = {isa = PBXFileReference; lastKnownFileType = sourcecode.swift; path = Workout.swift; sourceTree = "<group>"; };
		37E7AFC82C726AA20014B13A /* JournalEntry.swift */ = {isa = PBXFileReference; lastKnownFileType = sourcecode.swift; path = JournalEntry.swift; sourceTree = "<group>"; };
		37E7AFCA2C726AD20014B13A /* Exercise.swift */ = {isa = PBXFileReference; lastKnownFileType = sourcecode.swift; path = Exercise.swift; sourceTree = "<group>"; };
		37E7AFCC2C7288330014B13A /* Color.swift */ = {isa = PBXFileReference; lastKnownFileType = sourcecode.swift; path = Color.swift; sourceTree = "<group>"; };
		37E7AFCE2C7288510014B13A /* UIColor.swift */ = {isa = PBXFileReference; lastKnownFileType = sourcecode.swift; path = UIColor.swift; sourceTree = "<group>"; };
/* End PBXFileReference section */

/* Begin PBXFrameworksBuildPhase section */
		37E7AF912C7246F30014B13A /* Frameworks */ = {
			isa = PBXFrameworksBuildPhase;
			buildActionMask = 2147483647;
			files = (
			);
			runOnlyForDeploymentPostprocessing = 0;
		};
		37E7AFA22C7246F40014B13A /* Frameworks */ = {
			isa = PBXFrameworksBuildPhase;
			buildActionMask = 2147483647;
			files = (
			);
			runOnlyForDeploymentPostprocessing = 0;
		};
		37E7AFAC2C7246F40014B13A /* Frameworks */ = {
			isa = PBXFrameworksBuildPhase;
			buildActionMask = 2147483647;
			files = (
			);
			runOnlyForDeploymentPostprocessing = 0;
		};
/* End PBXFrameworksBuildPhase section */

/* Begin PBXGroup section */
		37E7AF8B2C7246F30014B13A = {
			isa = PBXGroup;
			children = (
				37E7AF972C7246F30014B13A /* DailyDefianceApp.swift */,
				37E7AF962C7246F30014B13A /* DailyDefiance */,
				37E7AFA82C7246F40014B13A /* DailyDefianceTests */,
				37E7AFB22C7246F40014B13A /* DailyDefianceUITests */,
				37E7AF952C7246F30014B13A /* Products */,
			);
			sourceTree = "<group>";
		};
		37E7AF952C7246F30014B13A /* Products */ = {
			isa = PBXGroup;
			children = (
				37E7AF942C7246F30014B13A /* DailyDefiance.app */,
				37E7AFA52C7246F40014B13A /* DailyDefianceTests.xctest */,
				37E7AFAF2C7246F40014B13A /* DailyDefianceUITests.xctest */,
			);
			name = Products;
			sourceTree = "<group>";
		};
		37E7AF962C7246F30014B13A /* DailyDefiance */ = {
			isa = PBXGroup;
			children = (
				37E7AFC52C7247780014B13A /* Support */,
				37E7AFC42C7247700014B13A /* Models */,
				37E7AFC32C7247680014B13A /* Screens */,
				37E7AFC22C72475F0014B13A /* Views */,
				37E7AF9B2C7246F40014B13A /* Assets.xcassets */,
				37E7AF9D2C7246F40014B13A /* DailyDefiance.entitlements */,
				37E7AF9E2C7246F40014B13A /* Preview Content */,
			);
			path = DailyDefiance;
			sourceTree = "<group>";
		};
		37E7AF9E2C7246F40014B13A /* Preview Content */ = {
			isa = PBXGroup;
			children = (
				37E7AF9F2C7246F40014B13A /* Preview Assets.xcassets */,
			);
			path = "Preview Content";
			sourceTree = "<group>";
		};
		37E7AFA82C7246F40014B13A /* DailyDefianceTests */ = {
			isa = PBXGroup;
			children = (
				37E7AFA92C7246F40014B13A /* DailyDefianceTests.swift */,
			);
			path = DailyDefianceTests;
			sourceTree = "<group>";
		};
		37E7AFB22C7246F40014B13A /* DailyDefianceUITests */ = {
			isa = PBXGroup;
			children = (
				37E7AFB32C7246F40014B13A /* DailyDefianceUITests.swift */,
				37E7AFB52C7246F40014B13A /* DailyDefianceUITestsLaunchTests.swift */,
			);
			path = DailyDefianceUITests;
			sourceTree = "<group>";
		};
		37E7AFC22C72475F0014B13A /* Views */ = {
			isa = PBXGroup;
			children = (
				37E7AF992C7246F30014B13A /* ContentView.swift */,
			);
			path = Views;
			sourceTree = "<group>";
		};
		37E7AFC32C7247680014B13A /* Screens */ = {
			isa = PBXGroup;
			children = (
			);
			path = Screens;
			sourceTree = "<group>";
		};
		37E7AFC42C7247700014B13A /* Models */ = {
			isa = PBXGroup;
			children = (
				37E7AFC62C7247AA0014B13A /* Workout.swift */,
				37E7AFC82C726AA20014B13A /* JournalEntry.swift */,
				37E7AFCA2C726AD20014B13A /* Exercise.swift */,
			);
			path = Models;
			sourceTree = "<group>";
		};
		37E7AFC52C7247780014B13A /* Support */ = {
			isa = PBXGroup;
			children = (
				37E7AFCC2C7288330014B13A /* Color.swift */,
				37E7AFCE2C7288510014B13A /* UIColor.swift */,
			);
			path = Support;
			sourceTree = "<group>";
		};
/* End PBXGroup section */

/* Begin PBXNativeTarget section */
		37E7AF932C7246F30014B13A /* DailyDefiance */ = {
			isa = PBXNativeTarget;
			buildConfigurationList = 37E7AFB92C7246F40014B13A /* Build configuration list for PBXNativeTarget "DailyDefiance" */;
			buildPhases = (
				37E7AF902C7246F30014B13A /* Sources */,
				37E7AF912C7246F30014B13A /* Frameworks */,
				37E7AF922C7246F30014B13A /* Resources */,
			);
			buildRules = (
			);
			dependencies = (
			);
			name = DailyDefiance;
			productName = DailyDefiance;
			productReference = 37E7AF942C7246F30014B13A /* DailyDefiance.app */;
			productType = "com.apple.product-type.application";
		};
		37E7AFA42C7246F40014B13A /* DailyDefianceTests */ = {
			isa = PBXNativeTarget;
			buildConfigurationList = 37E7AFBC2C7246F40014B13A /* Build configuration list for PBXNativeTarget "DailyDefianceTests" */;
			buildPhases = (
				37E7AFA12C7246F40014B13A /* Sources */,
				37E7AFA22C7246F40014B13A /* Frameworks */,
				37E7AFA32C7246F40014B13A /* Resources */,
			);
			buildRules = (
			);
			dependencies = (
				37E7AFA72C7246F40014B13A /* PBXTargetDependency */,
			);
			name = DailyDefianceTests;
			productName = DailyDefianceTests;
			productReference = 37E7AFA52C7246F40014B13A /* DailyDefianceTests.xctest */;
			productType = "com.apple.product-type.bundle.unit-test";
		};
		37E7AFAE2C7246F40014B13A /* DailyDefianceUITests */ = {
			isa = PBXNativeTarget;
			buildConfigurationList = 37E7AFBF2C7246F40014B13A /* Build configuration list for PBXNativeTarget "DailyDefianceUITests" */;
			buildPhases = (
				37E7AFAB2C7246F40014B13A /* Sources */,
				37E7AFAC2C7246F40014B13A /* Frameworks */,
				37E7AFAD2C7246F40014B13A /* Resources */,
			);
			buildRules = (
			);
			dependencies = (
				37E7AFB12C7246F40014B13A /* PBXTargetDependency */,
			);
			name = DailyDefianceUITests;
			productName = DailyDefianceUITests;
			productReference = 37E7AFAF2C7246F40014B13A /* DailyDefianceUITests.xctest */;
			productType = "com.apple.product-type.bundle.ui-testing";
		};
/* End PBXNativeTarget section */

/* Begin PBXProject section */
		37E7AF8C2C7246F30014B13A /* Project object */ = {
			isa = PBXProject;
			attributes = {
				BuildIndependentTargetsInParallel = 1;
				LastSwiftUpdateCheck = 1540;
				LastUpgradeCheck = 1540;
				TargetAttributes = {
					37E7AF932C7246F30014B13A = {
						CreatedOnToolsVersion = 15.4;
					};
					37E7AFA42C7246F40014B13A = {
						CreatedOnToolsVersion = 15.4;
						TestTargetID = 37E7AF932C7246F30014B13A;
					};
					37E7AFAE2C7246F40014B13A = {
						CreatedOnToolsVersion = 15.4;
						TestTargetID = 37E7AF932C7246F30014B13A;
					};
				};
			};
			buildConfigurationList = 37E7AF8F2C7246F30014B13A /* Build configuration list for PBXProject "DailyDefiance" */;
			compatibilityVersion = "Xcode 14.0";
			developmentRegion = en;
			hasScannedForEncodings = 0;
			knownRegions = (
				en,
				Base,
			);
			mainGroup = 37E7AF8B2C7246F30014B13A;
			productRefGroup = 37E7AF952C7246F30014B13A /* Products */;
			projectDirPath = "";
			projectRoot = "";
			targets = (
				37E7AF932C7246F30014B13A /* DailyDefiance */,
				37E7AFA42C7246F40014B13A /* DailyDefianceTests */,
				37E7AFAE2C7246F40014B13A /* DailyDefianceUITests */,
			);
		};
/* End PBXProject section */

/* Begin PBXResourcesBuildPhase section */
		37E7AF922C7246F30014B13A /* Resources */ = {
			isa = PBXResourcesBuildPhase;
			buildActionMask = 2147483647;
			files = (
				37E7AFA02C7246F40014B13A /* Preview Assets.xcassets in Resources */,
				37E7AF9C2C7246F40014B13A /* Assets.xcassets in Resources */,
			);
			runOnlyForDeploymentPostprocessing = 0;
		};
		37E7AFA32C7246F40014B13A /* Resources */ = {
			isa = PBXResourcesBuildPhase;
			buildActionMask = 2147483647;
			files = (
			);
			runOnlyForDeploymentPostprocessing = 0;
		};
		37E7AFAD2C7246F40014B13A /* Resources */ = {
			isa = PBXResourcesBuildPhase;
			buildActionMask = 2147483647;
			files = (
			);
			runOnlyForDeploymentPostprocessing = 0;
		};
/* End PBXResourcesBuildPhase section */

/* Begin PBXSourcesBuildPhase section */
		37E7AF902C7246F30014B13A /* Sources */ = {
			isa = PBXSourcesBuildPhase;
			buildActionMask = 2147483647;
			files = (
				37E7AFCB2C726AD20014B13A /* Exercise.swift in Sources */,
				37E7AFCF2C7288510014B13A /* UIColor.swift in Sources */,
				37E7AF9A2C7246F30014B13A /* ContentView.swift in Sources */,
				37E7AF982C7246F30014B13A /* DailyDefianceApp.swift in Sources */,
				37E7AFC92C726AA20014B13A /* JournalEntry.swift in Sources */,
				37E7AFC72C7247AA0014B13A /* Workout.swift in Sources */,
				37E7AFCD2C7288330014B13A /* Color.swift in Sources */,
			);
			runOnlyForDeploymentPostprocessing = 0;
		};
		37E7AFA12C7246F40014B13A /* Sources */ = {
			isa = PBXSourcesBuildPhase;
			buildActionMask = 2147483647;
			files = (
				37E7AFAA2C7246F40014B13A /* DailyDefianceTests.swift in Sources */,
			);
			runOnlyForDeploymentPostprocessing = 0;
		};
		37E7AFAB2C7246F40014B13A /* Sources */ = {
			isa = PBXSourcesBuildPhase;
			buildActionMask = 2147483647;
			files = (
				37E7AFB42C7246F40014B13A /* DailyDefianceUITests.swift in Sources */,
				37E7AFB62C7246F40014B13A /* DailyDefianceUITestsLaunchTests.swift in Sources */,
			);
			runOnlyForDeploymentPostprocessing = 0;
		};
/* End PBXSourcesBuildPhase section */

/* Begin PBXTargetDependency section */
		37E7AFA72C7246F40014B13A /* PBXTargetDependency */ = {
			isa = PBXTargetDependency;
			target = 37E7AF932C7246F30014B13A /* DailyDefiance */;
			targetProxy = 37E7AFA62C7246F40014B13A /* PBXContainerItemProxy */;
		};
		37E7AFB12C7246F40014B13A /* PBXTargetDependency */ = {
			isa = PBXTargetDependency;
			target = 37E7AF932C7246F30014B13A /* DailyDefiance */;
			targetProxy = 37E7AFB02C7246F40014B13A /* PBXContainerItemProxy */;
		};
/* End PBXTargetDependency section */

/* Begin XCBuildConfiguration section */
		37E7AFB72C7246F40014B13A /* Debug */ = {
			isa = XCBuildConfiguration;
			buildSettings = {
				ALWAYS_SEARCH_USER_PATHS = NO;
				ASSETCATALOG_COMPILER_GENERATE_SWIFT_ASSET_SYMBOL_EXTENSIONS = YES;
				CLANG_ANALYZER_NONNULL = YES;
				CLANG_ANALYZER_NUMBER_OBJECT_CONVERSION = YES_AGGRESSIVE;
				CLANG_CXX_LANGUAGE_STANDARD = "gnu++20";
				CLANG_ENABLE_MODULES = YES;
				CLANG_ENABLE_OBJC_ARC = YES;
				CLANG_ENABLE_OBJC_WEAK = YES;
				CLANG_WARN_BLOCK_CAPTURE_AUTORELEASING = YES;
				CLANG_WARN_BOOL_CONVERSION = YES;
				CLANG_WARN_COMMA = YES;
				CLANG_WARN_CONSTANT_CONVERSION = YES;
				CLANG_WARN_DEPRECATED_OBJC_IMPLEMENTATIONS = YES;
				CLANG_WARN_DIRECT_OBJC_ISA_USAGE = YES_ERROR;
				CLANG_WARN_DOCUMENTATION_COMMENTS = YES;
				CLANG_WARN_EMPTY_BODY = YES;
				CLANG_WARN_ENUM_CONVERSION = YES;
				CLANG_WARN_INFINITE_RECURSION = YES;
				CLANG_WARN_INT_CONVERSION = YES;
				CLANG_WARN_NON_LITERAL_NULL_CONVERSION = YES;
				CLANG_WARN_OBJC_IMPLICIT_RETAIN_SELF = YES;
				CLANG_WARN_OBJC_LITERAL_CONVERSION = YES;
				CLANG_WARN_OBJC_ROOT_CLASS = YES_ERROR;
				CLANG_WARN_QUOTED_INCLUDE_IN_FRAMEWORK_HEADER = YES;
				CLANG_WARN_RANGE_LOOP_ANALYSIS = YES;
				CLANG_WARN_STRICT_PROTOTYPES = YES;
				CLANG_WARN_SUSPICIOUS_MOVE = YES;
				CLANG_WARN_UNGUARDED_AVAILABILITY = YES_AGGRESSIVE;
				CLANG_WARN_UNREACHABLE_CODE = YES;
				CLANG_WARN__DUPLICATE_METHOD_MATCH = YES;
				COPY_PHASE_STRIP = NO;
				DEBUG_INFORMATION_FORMAT = dwarf;
				ENABLE_STRICT_OBJC_MSGSEND = YES;
				ENABLE_TESTABILITY = YES;
				ENABLE_USER_SCRIPT_SANDBOXING = YES;
				GCC_C_LANGUAGE_STANDARD = gnu17;
				GCC_DYNAMIC_NO_PIC = NO;
				GCC_NO_COMMON_BLOCKS = YES;
				GCC_OPTIMIZATION_LEVEL = 0;
				GCC_PREPROCESSOR_DEFINITIONS = (
					"DEBUG=1",
					"$(inherited)",
				);
				GCC_WARN_64_TO_32_BIT_CONVERSION = YES;
				GCC_WARN_ABOUT_RETURN_TYPE = YES_ERROR;
				GCC_WARN_UNDECLARED_SELECTOR = YES;
				GCC_WARN_UNINITIALIZED_AUTOS = YES_AGGRESSIVE;
				GCC_WARN_UNUSED_FUNCTION = YES;
				GCC_WARN_UNUSED_VARIABLE = YES;
				LOCALIZATION_PREFERS_STRING_CATALOGS = YES;
				MTL_ENABLE_DEBUG_INFO = INCLUDE_SOURCE;
				MTL_FAST_MATH = YES;
				ONLY_ACTIVE_ARCH = YES;
				SWIFT_ACTIVE_COMPILATION_CONDITIONS = "DEBUG $(inherited)";
				SWIFT_OPTIMIZATION_LEVEL = "-Onone";
			};
			name = Debug;
		};
		37E7AFB82C7246F40014B13A /* Release */ = {
			isa = XCBuildConfiguration;
			buildSettings = {
				ALWAYS_SEARCH_USER_PATHS = NO;
				ASSETCATALOG_COMPILER_GENERATE_SWIFT_ASSET_SYMBOL_EXTENSIONS = YES;
				CLANG_ANALYZER_NONNULL = YES;
				CLANG_ANALYZER_NUMBER_OBJECT_CONVERSION = YES_AGGRESSIVE;
				CLANG_CXX_LANGUAGE_STANDARD = "gnu++20";
				CLANG_ENABLE_MODULES = YES;
				CLANG_ENABLE_OBJC_ARC = YES;
				CLANG_ENABLE_OBJC_WEAK = YES;
				CLANG_WARN_BLOCK_CAPTURE_AUTORELEASING = YES;
				CLANG_WARN_BOOL_CONVERSION = YES;
				CLANG_WARN_COMMA = YES;
				CLANG_WARN_CONSTANT_CONVERSION = YES;
				CLANG_WARN_DEPRECATED_OBJC_IMPLEMENTATIONS = YES;
				CLANG_WARN_DIRECT_OBJC_ISA_USAGE = YES_ERROR;
				CLANG_WARN_DOCUMENTATION_COMMENTS = YES;
				CLANG_WARN_EMPTY_BODY = YES;
				CLANG_WARN_ENUM_CONVERSION = YES;
				CLANG_WARN_INFINITE_RECURSION = YES;
				CLANG_WARN_INT_CONVERSION = YES;
				CLANG_WARN_NON_LITERAL_NULL_CONVERSION = YES;
				CLANG_WARN_OBJC_IMPLICIT_RETAIN_SELF = YES;
				CLANG_WARN_OBJC_LITERAL_CONVERSION = YES;
				CLANG_WARN_OBJC_ROOT_CLASS = YES_ERROR;
				CLANG_WARN_QUOTED_INCLUDE_IN_FRAMEWORK_HEADER = YES;
				CLANG_WARN_RANGE_LOOP_ANALYSIS = YES;
				CLANG_WARN_STRICT_PROTOTYPES = YES;
				CLANG_WARN_SUSPICIOUS_MOVE = YES;
				CLANG_WARN_UNGUARDED_AVAILABILITY = YES_AGGRESSIVE;
				CLANG_WARN_UNREACHABLE_CODE = YES;
				CLANG_WARN__DUPLICATE_METHOD_MATCH = YES;
				COPY_PHASE_STRIP = NO;
				DEBUG_INFORMATION_FORMAT = "dwarf-with-dsym";
				ENABLE_NS_ASSERTIONS = NO;
				ENABLE_STRICT_OBJC_MSGSEND = YES;
				ENABLE_USER_SCRIPT_SANDBOXING = YES;
				GCC_C_LANGUAGE_STANDARD = gnu17;
				GCC_NO_COMMON_BLOCKS = YES;
				GCC_WARN_64_TO_32_BIT_CONVERSION = YES;
				GCC_WARN_ABOUT_RETURN_TYPE = YES_ERROR;
				GCC_WARN_UNDECLARED_SELECTOR = YES;
				GCC_WARN_UNINITIALIZED_AUTOS = YES_AGGRESSIVE;
				GCC_WARN_UNUSED_FUNCTION = YES;
				GCC_WARN_UNUSED_VARIABLE = YES;
				LOCALIZATION_PREFERS_STRING_CATALOGS = YES;
				MTL_ENABLE_DEBUG_INFO = NO;
				MTL_FAST_MATH = YES;
				SWIFT_COMPILATION_MODE = wholemodule;
			};
			name = Release;
		};
		37E7AFBA2C7246F40014B13A /* Debug */ = {
			isa = XCBuildConfiguration;
			buildSettings = {
				ASSETCATALOG_COMPILER_APPICON_NAME = AppIcon;
				ASSETCATALOG_COMPILER_GLOBAL_ACCENT_COLOR_NAME = AccentColor;
				CODE_SIGN_ENTITLEMENTS = DailyDefiance/DailyDefiance.entitlements;
				CODE_SIGN_STYLE = Automatic;
				CURRENT_PROJECT_VERSION = 1;
				DEVELOPMENT_ASSET_PATHS = "\"DailyDefiance/Preview Content\"";
				DEVELOPMENT_TEAM = 99S33YCFRB;
				ENABLE_HARDENED_RUNTIME = YES;
				ENABLE_PREVIEWS = YES;
				GENERATE_INFOPLIST_FILE = YES;
				"INFOPLIST_KEY_UIApplicationSceneManifest_Generation[sdk=iphoneos*]" = YES;
				"INFOPLIST_KEY_UIApplicationSceneManifest_Generation[sdk=iphonesimulator*]" = YES;
				"INFOPLIST_KEY_UIApplicationSupportsIndirectInputEvents[sdk=iphoneos*]" = YES;
				"INFOPLIST_KEY_UIApplicationSupportsIndirectInputEvents[sdk=iphonesimulator*]" = YES;
				"INFOPLIST_KEY_UILaunchScreen_Generation[sdk=iphoneos*]" = YES;
				"INFOPLIST_KEY_UILaunchScreen_Generation[sdk=iphonesimulator*]" = YES;
				"INFOPLIST_KEY_UIStatusBarStyle[sdk=iphoneos*]" = UIStatusBarStyleDefault;
				"INFOPLIST_KEY_UIStatusBarStyle[sdk=iphonesimulator*]" = UIStatusBarStyleDefault;
				INFOPLIST_KEY_UISupportedInterfaceOrientations_iPad = "UIInterfaceOrientationPortrait UIInterfaceOrientationPortraitUpsideDown UIInterfaceOrientationLandscapeLeft UIInterfaceOrientationLandscapeRight";
				INFOPLIST_KEY_UISupportedInterfaceOrientations_iPhone = "UIInterfaceOrientationPortrait UIInterfaceOrientationLandscapeLeft UIInterfaceOrientationLandscapeRight";
				IPHONEOS_DEPLOYMENT_TARGET = 17.5;
				LD_RUNPATH_SEARCH_PATHS = "@executable_path/Frameworks";
				"LD_RUNPATH_SEARCH_PATHS[sdk=macosx*]" = "@executable_path/../Frameworks";
				MACOSX_DEPLOYMENT_TARGET = 14.5;
				MARKETING_VERSION = 1.0;
				PRODUCT_BUNDLE_IDENTIFIER = com.tnt.DailyDefiance;
				PRODUCT_NAME = "$(TARGET_NAME)";
				SDKROOT = auto;
				SUPPORTED_PLATFORMS = "iphoneos iphonesimulator macosx";
				SWIFT_EMIT_LOC_STRINGS = YES;
				SWIFT_VERSION = 5.0;
				TARGETED_DEVICE_FAMILY = "1,2";
			};
			name = Debug;
		};
		37E7AFBB2C7246F40014B13A /* Release */ = {
			isa = XCBuildConfiguration;
			buildSettings = {
				ASSETCATALOG_COMPILER_APPICON_NAME = AppIcon;
				ASSETCATALOG_COMPILER_GLOBAL_ACCENT_COLOR_NAME = AccentColor;
				CODE_SIGN_ENTITLEMENTS = DailyDefiance/DailyDefiance.entitlements;
				CODE_SIGN_STYLE = Automatic;
				CURRENT_PROJECT_VERSION = 1;
				DEVELOPMENT_ASSET_PATHS = "\"DailyDefiance/Preview Content\"";
				DEVELOPMENT_TEAM = 99S33YCFRB;
				ENABLE_HARDENED_RUNTIME = YES;
				ENABLE_PREVIEWS = YES;
				GENERATE_INFOPLIST_FILE = YES;
				"INFOPLIST_KEY_UIApplicationSceneManifest_Generation[sdk=iphoneos*]" = YES;
				"INFOPLIST_KEY_UIApplicationSceneManifest_Generation[sdk=iphonesimulator*]" = YES;
				"INFOPLIST_KEY_UIApplicationSupportsIndirectInputEvents[sdk=iphoneos*]" = YES;
				"INFOPLIST_KEY_UIApplicationSupportsIndirectInputEvents[sdk=iphonesimulator*]" = YES;
				"INFOPLIST_KEY_UILaunchScreen_Generation[sdk=iphoneos*]" = YES;
				"INFOPLIST_KEY_UILaunchScreen_Generation[sdk=iphonesimulator*]" = YES;
				"INFOPLIST_KEY_UIStatusBarStyle[sdk=iphoneos*]" = UIStatusBarStyleDefault;
				"INFOPLIST_KEY_UIStatusBarStyle[sdk=iphonesimulator*]" = UIStatusBarStyleDefault;
				INFOPLIST_KEY_UISupportedInterfaceOrientations_iPad = "UIInterfaceOrientationPortrait UIInterfaceOrientationPortraitUpsideDown UIInterfaceOrientationLandscapeLeft UIInterfaceOrientationLandscapeRight";
				INFOPLIST_KEY_UISupportedInterfaceOrientations_iPhone = "UIInterfaceOrientationPortrait UIInterfaceOrientationLandscapeLeft UIInterfaceOrientationLandscapeRight";
				IPHONEOS_DEPLOYMENT_TARGET = 17.5;
				LD_RUNPATH_SEARCH_PATHS = "@executable_path/Frameworks";
				"LD_RUNPATH_SEARCH_PATHS[sdk=macosx*]" = "@executable_path/../Frameworks";
				MACOSX_DEPLOYMENT_TARGET = 14.5;
				MARKETING_VERSION = 1.0;
				PRODUCT_BUNDLE_IDENTIFIER = com.tnt.DailyDefiance;
				PRODUCT_NAME = "$(TARGET_NAME)";
				SDKROOT = auto;
				SUPPORTED_PLATFORMS = "iphoneos iphonesimulator macosx";
				SWIFT_EMIT_LOC_STRINGS = YES;
				SWIFT_VERSION = 5.0;
				TARGETED_DEVICE_FAMILY = "1,2";
			};
			name = Release;
		};
		37E7AFBD2C7246F40014B13A /* Debug */ = {
			isa = XCBuildConfiguration;
			buildSettings = {
				ALWAYS_EMBED_SWIFT_STANDARD_LIBRARIES = YES;
				BUNDLE_LOADER = "$(TEST_HOST)";
				CODE_SIGN_STYLE = Automatic;
				CURRENT_PROJECT_VERSION = 1;
				DEVELOPMENT_TEAM = 99S33YCFRB;
				GENERATE_INFOPLIST_FILE = YES;
				IPHONEOS_DEPLOYMENT_TARGET = 17.5;
				MACOSX_DEPLOYMENT_TARGET = 14.5;
				MARKETING_VERSION = 1.0;
				PRODUCT_BUNDLE_IDENTIFIER = com.tnt.DailyDefianceTests;
				PRODUCT_NAME = "$(TARGET_NAME)";
				SDKROOT = auto;
				SUPPORTED_PLATFORMS = "iphoneos iphonesimulator macosx";
				SWIFT_EMIT_LOC_STRINGS = NO;
				SWIFT_VERSION = 5.0;
				TARGETED_DEVICE_FAMILY = "1,2";
				TEST_HOST = "$(BUILT_PRODUCTS_DIR)/DailyDefiance.app/$(BUNDLE_EXECUTABLE_FOLDER_PATH)/DailyDefiance";
			};
			name = Debug;
		};
		37E7AFBE2C7246F40014B13A /* Release */ = {
			isa = XCBuildConfiguration;
			buildSettings = {
				ALWAYS_EMBED_SWIFT_STANDARD_LIBRARIES = YES;
				BUNDLE_LOADER = "$(TEST_HOST)";
				CODE_SIGN_STYLE = Automatic;
				CURRENT_PROJECT_VERSION = 1;
				DEVELOPMENT_TEAM = 99S33YCFRB;
				GENERATE_INFOPLIST_FILE = YES;
				IPHONEOS_DEPLOYMENT_TARGET = 17.5;
				MACOSX_DEPLOYMENT_TARGET = 14.5;
				MARKETING_VERSION = 1.0;
				PRODUCT_BUNDLE_IDENTIFIER = com.tnt.DailyDefianceTests;
				PRODUCT_NAME = "$(TARGET_NAME)";
				SDKROOT = auto;
				SUPPORTED_PLATFORMS = "iphoneos iphonesimulator macosx";
				SWIFT_EMIT_LOC_STRINGS = NO;
				SWIFT_VERSION = 5.0;
				TARGETED_DEVICE_FAMILY = "1,2";
				TEST_HOST = "$(BUILT_PRODUCTS_DIR)/DailyDefiance.app/$(BUNDLE_EXECUTABLE_FOLDER_PATH)/DailyDefiance";
			};
			name = Release;
		};
		37E7AFC02C7246F40014B13A /* Debug */ = {
			isa = XCBuildConfiguration;
			buildSettings = {
				ALWAYS_EMBED_SWIFT_STANDARD_LIBRARIES = YES;
				CODE_SIGN_STYLE = Automatic;
				CURRENT_PROJECT_VERSION = 1;
				DEVELOPMENT_TEAM = 99S33YCFRB;
				GENERATE_INFOPLIST_FILE = YES;
				IPHONEOS_DEPLOYMENT_TARGET = 17.5;
				MACOSX_DEPLOYMENT_TARGET = 14.5;
				MARKETING_VERSION = 1.0;
				PRODUCT_BUNDLE_IDENTIFIER = com.tnt.DailyDefianceUITests;
				PRODUCT_NAME = "$(TARGET_NAME)";
				SDKROOT = auto;
				SUPPORTED_PLATFORMS = "iphoneos iphonesimulator macosx";
				SWIFT_EMIT_LOC_STRINGS = NO;
				SWIFT_VERSION = 5.0;
				TARGETED_DEVICE_FAMILY = "1,2";
				TEST_TARGET_NAME = DailyDefiance;
			};
			name = Debug;
		};
		37E7AFC12C7246F40014B13A /* Release */ = {
			isa = XCBuildConfiguration;
			buildSettings = {
				ALWAYS_EMBED_SWIFT_STANDARD_LIBRARIES = YES;
				CODE_SIGN_STYLE = Automatic;
				CURRENT_PROJECT_VERSION = 1;
				DEVELOPMENT_TEAM = 99S33YCFRB;
				GENERATE_INFOPLIST_FILE = YES;
				IPHONEOS_DEPLOYMENT_TARGET = 17.5;
				MACOSX_DEPLOYMENT_TARGET = 14.5;
				MARKETING_VERSION = 1.0;
				PRODUCT_BUNDLE_IDENTIFIER = com.tnt.DailyDefianceUITests;
				PRODUCT_NAME = "$(TARGET_NAME)";
				SDKROOT = auto;
				SUPPORTED_PLATFORMS = "iphoneos iphonesimulator macosx";
				SWIFT_EMIT_LOC_STRINGS = NO;
				SWIFT_VERSION = 5.0;
				TARGETED_DEVICE_FAMILY = "1,2";
				TEST_TARGET_NAME = DailyDefiance;
			};
			name = Release;
		};
/* End XCBuildConfiguration section */

/* Begin XCConfigurationList section */
		37E7AF8F2C7246F30014B13A /* Build configuration list for PBXProject "DailyDefiance" */ = {
			isa = XCConfigurationList;
			buildConfigurations = (
				37E7AFB72C7246F40014B13A /* Debug */,
				37E7AFB82C7246F40014B13A /* Release */,
			);
			defaultConfigurationIsVisible = 0;
			defaultConfigurationName = Release;
		};
		37E7AFB92C7246F40014B13A /* Build configuration list for PBXNativeTarget "DailyDefiance" */ = {
			isa = XCConfigurationList;
			buildConfigurations = (
				37E7AFBA2C7246F40014B13A /* Debug */,
				37E7AFBB2C7246F40014B13A /* Release */,
			);
			defaultConfigurationIsVisible = 0;
			defaultConfigurationName = Release;
		};
		37E7AFBC2C7246F40014B13A /* Build configuration list for PBXNativeTarget "DailyDefianceTests" */ = {
			isa = XCConfigurationList;
			buildConfigurations = (
				37E7AFBD2C7246F40014B13A /* Debug */,
				37E7AFBE2C7246F40014B13A /* Release */,
			);
			defaultConfigurationIsVisible = 0;
			defaultConfigurationName = Release;
		};
		37E7AFBF2C7246F40014B13A /* Build configuration list for PBXNativeTarget "DailyDefianceUITests" */ = {
			isa = XCConfigurationList;
			buildConfigurations = (
				37E7AFC02C7246F40014B13A /* Debug */,
				37E7AFC12C7246F40014B13A /* Release */,
			);
			defaultConfigurationIsVisible = 0;
			defaultConfigurationName = Release;
		};
/* End XCConfigurationList section */
	};
	rootObject = 37E7AF8C2C7246F30014B13A /* Project object */;
}
